
Microsoft Visual Studio Solution File, Format Version 12.00
# Visual Studio 15
VisualStudioVersion = 15.0.28010.2050
MinimumVisualStudioVersion = 10.0.40219.1
Project("{8BC9CEB8-8B4A-11D0-8D11-00A0C91BC942}") = "QuickSort3", "QuickSort3\QuickSort3.vcxproj", "{4E44BE1B-3B07-4CAD-AF52-50593CC40149}"
EndProject
Global
	GlobalSection(SolutionConfigurationPlatforms) = preSolution
		Debug|x64 = Debug|x64
		Debug|x86 = Debug|x86
		Release|x64 = Release|x64
		Release|x86 = Release|x86
	EndGlobalSection
	GlobalSection(ProjectConfigurationPlatforms) = postSolution
		{4E44BE1B-3B07-4CAD-AF52-50593CC40149}.Debug|x64.ActiveCfg = Debug|x64
		{4E44BE1B-3B07-4CAD-AF52-50593CC40149}.Debug|x64.Build.0 = Debug|x64
		{4E44BE1B-3B07-4CAD-AF52-50593CC40149}.Debug|x86.ActiveCfg = Debug|Win32
		{4E44BE1B-3B07-4CAD-AF52-50593CC40149}.Debug|x86.Build.0 = Debug|Win32
		{4E44BE1B-3B07-4CAD-AF52-50593CC40149}.Release|x64.ActiveCfg = Release|x64
		{4E44BE1B-3B07-4CAD-AF52-50593CC40149}.Release|x64.Build.0 = Release|x64
		{4E44BE1B-3B07-4CAD-AF52-50593CC40149}.Release|x86.ActiveCfg = Release|Win32
		{4E44BE1B-3B07-4CAD-AF52-50593CC40149}.Release|x86.Build.0 = Release|Win32
	EndGlobalSection
	GlobalSection(SolutionProperties) = preSolution
		HideSolutionNode = FALSE
	EndGlobalSection
	GlobalSection(ExtensibilityGlobals) = postSolution
		SolutionGuid = {3407D4AD-626A-4C67-85F7-8C4CBC5C41DF}
	EndGlobalSection
EndGlobal
